
Microsoft Visual Studio Solution File, Format Version 12.00
# Visual Studio Version 17
VisualStudioVersion = 17.7.34024.191
MinimumVisualStudioVersion = 10.0.40219.1
Project("{FAE04EC0-301F-11D3-BF4B-00C04F79EFBC}") = "TestHostConfiguration", "src\TestHostConfiguration\TestHostConfiguration.csproj", "{AC2EBF48-F770-4AE8-B442-8995959CE331}"
EndProject
Project("{2150E333-8FDC-42A3-9474-1A3956D46DE8}") = "Solution Items", "Solution Items", "{5F169824-EB42-4E6A-A01D-287ECB09BA7D}"
	ProjectSection(SolutionItems) = preProject
		.editorconfig = .editorconfig
		global.json = global.json
		nuget.config = nuget.config
	EndProjectSection
EndProject
Global
	GlobalSection(SolutionConfigurationPlatforms) = preSolution
		Debug|Any CPU = Debug|Any CPU
		Release|Any CPU = Release|Any CPU
	EndGlobalSection
	GlobalSection(ProjectConfigurationPlatforms) = postSolution
		{AC2EBF48-F770-4AE8-B442-8995959CE331}.Debug|Any CPU.ActiveCfg = Debug|Any CPU
		{AC2EBF48-F770-4AE8-B442-8995959CE331}.Debug|Any CPU.Build.0 = Debug|Any CPU
		{AC2EBF48-F770-4AE8-B442-8995959CE331}.Release|Any CPU.ActiveCfg = Release|Any CPU
		{AC2EBF48-F770-4AE8-B442-8995959CE331}.Release|Any CPU.Build.0 = Release|Any CPU
	EndGlobalSection
	GlobalSection(SolutionProperties) = preSolution
		HideSolutionNode = FALSE
	EndGlobalSection
	GlobalSection(ExtensibilityGlobals) = postSolution
		SolutionGuid = {F1E4D205-67EE-4559-9167-69C83D69CDD4}
	EndGlobalSection
EndGlobal
